// !$*UTF8*$!
{
	archiveVersion = 1;
	classes = {
	};
	objectVersion = 56;
	objects = {

/* Begin PBXBuildFile section */
		A36632FDC9DF69DB72EC6699 /* Pods_Urmet_Creact.framework in Frameworks */ = {isa = PBXBuildFile; fileRef = 427B8621996967EA02F85906 /* Pods_Urmet_Creact.framework */; };
		C30A1E0F2A13B9C4008F9A38 /* TableViewDelegate.swift in Sources */ = {isa = PBXBuildFile; fileRef = C30A1E0E2A13B9C4008F9A38 /* TableViewDelegate.swift */; };
		C31AB69A2A0B90DD00407B70 /* ButtonData.swift in Sources */ = {isa = PBXBuildFile; fileRef = C31AB6992A0B90DD00407B70 /* ButtonData.swift */; };
		C332D2552A0A9B1F005D4FD9 /* CustomButtonHomePage.xib in Resources */ = {isa = PBXBuildFile; fileRef = C332D2542A0A9B1F005D4FD9 /* CustomButtonHomePage.xib */; };
		C332D2572A0A9D7B005D4FD9 /* CustomButtonHomePage.swift in Sources */ = {isa = PBXBuildFile; fileRef = C332D2562A0A9D7B005D4FD9 /* CustomButtonHomePage.swift */; };
		C33583F32A1504700002517B /* AssociateWallBoxViewController.swift in Sources */ = {isa = PBXBuildFile; fileRef = C33583F12A1504700002517B /* AssociateWallBoxViewController.swift */; };
		C33583F42A1504700002517B /* AssociateWallBoxViewController.xib in Resources */ = {isa = PBXBuildFile; fileRef = C33583F22A1504700002517B /* AssociateWallBoxViewController.xib */; };
		C37C990B2A0D41BE004B21EF /* ButtonDelegate.swift in Sources */ = {isa = PBXBuildFile; fileRef = C37C990A2A0D41BE004B21EF /* ButtonDelegate.swift */; };
		C3AA69442A123CCA00648BAF /* CollectionViewDataSource.swift in Sources */ = {isa = PBXBuildFile; fileRef = C3AA69432A123CCA00648BAF /* CollectionViewDataSource.swift */; };
		C3AA69462A123E2A00648BAF /* TableViewDataSource.swift in Sources */ = {isa = PBXBuildFile; fileRef = C3AA69452A123E2A00648BAF /* TableViewDataSource.swift */; };
		C3AA69482A12679B00648BAF /* Constants.swift in Sources */ = {isa = PBXBuildFile; fileRef = C3AA69472A12679B00648BAF /* Constants.swift */; };
		C3AA694B2A127EE200648BAF /* Array+Extensions.swift in Sources */ = {isa = PBXBuildFile; fileRef = C3AA694A2A127EE200648BAF /* Array+Extensions.swift */; };
		C3B2902C2A14BEC400D06037 /* TransferDataViewController.swift in Sources */ = {isa = PBXBuildFile; fileRef = C3B2902A2A14BEC400D06037 /* TransferDataViewController.swift */; };
		C3B2902D2A14BEC400D06037 /* TransferDataViewController.xib in Resources */ = {isa = PBXBuildFile; fileRef = C3B2902B2A14BEC400D06037 /* TransferDataViewController.xib */; };
		C3B3540B2A1BA3D600C0F114 /* NetworkAdvancedSettingsViewController.swift in Sources */ = {isa = PBXBuildFile; fileRef = C3B354092A1BA3D600C0F114 /* NetworkAdvancedSettingsViewController.swift */; };
		C3B3540C2A1BA3D600C0F114 /* NetworkAdvancedSettingsViewController.xib in Resources */ = {isa = PBXBuildFile; fileRef = C3B3540A2A1BA3D600C0F114 /* NetworkAdvancedSettingsViewController.xib */; };
		C3BF73562A16829900AC8F2E /* CustomWifiCell.xib in Resources */ = {isa = PBXBuildFile; fileRef = C3BF73552A16829900AC8F2E /* CustomWifiCell.xib */; };
		C3D95CFD2A0D1A7A0058DA32 /* PopupDisplayer.swift in Sources */ = {isa = PBXBuildFile; fileRef = C3D95CFC2A0D1A7A0058DA32 /* PopupDisplayer.swift */; };
		C3D95D032A0D1EB50058DA32 /* UIViewController.swift in Sources */ = {isa = PBXBuildFile; fileRef = C3D95D022A0D1EB50058DA32 /* UIViewController.swift */; };
		C3D95D0B2A0D22300058DA32 /* Present.swift in Sources */ = {isa = PBXBuildFile; fileRef = C3D95D0A2A0D22300058DA32 /* Present.swift */; };
		C3D95D0D2A0D22D90058DA32 /* UIController.swift in Sources */ = {isa = PBXBuildFile; fileRef = C3D95D0C2A0D22D90058DA32 /* UIController.swift */; };
		C3D95D162A0D34080058DA32 /* PopUpViewController.swift in Sources */ = {isa = PBXBuildFile; fileRef = C3D95D142A0D34080058DA32 /* PopUpViewController.swift */; };
		C3D95D172A0D34080058DA32 /* PopUpViewController.xib in Resources */ = {isa = PBXBuildFile; fileRef = C3D95D152A0D34080058DA32 /* PopUpViewController.xib */; };
		C3DEEC8B2A162DF10068FDCA /* ConnectionViewController.swift in Sources */ = {isa = PBXBuildFile; fileRef = C3DEEC892A162DF10068FDCA /* ConnectionViewController.swift */; };
		C3DEEC8C2A162DF10068FDCA /* ConnectionViewController.xib in Resources */ = {isa = PBXBuildFile; fileRef = C3DEEC8A2A162DF10068FDCA /* ConnectionViewController.xib */; };
		C3DEEC8F2A164DFE0068FDCA /* WiFiConnectionSelectorViewController.swift in Sources */ = {isa = PBXBuildFile; fileRef = C3DEEC8D2A164DFE0068FDCA /* WiFiConnectionSelectorViewController.swift */; };
		C3DEEC902A164DFE0068FDCA /* WiFiConnectionSelectorViewController.xib in Resources */ = {isa = PBXBuildFile; fileRef = C3DEEC8E2A164DFE0068FDCA /* WiFiConnectionSelectorViewController.xib */; };
		C3DEEC942A166A0E0068FDCA /* CustomWifiCell.swift in Sources */ = {isa = PBXBuildFile; fileRef = C3DEEC932A166A0E0068FDCA /* CustomWifiCell.swift */; };
		C3E375002A08DDB900D5B3BA /* AppDelegate.swift in Sources */ = {isa = PBXBuildFile; fileRef = C3E374FF2A08DDB900D5B3BA /* AppDelegate.swift */; };
		C3E375022A08DDB900D5B3BA /* SceneDelegate.swift in Sources */ = {isa = PBXBuildFile; fileRef = C3E375012A08DDB900D5B3BA /* SceneDelegate.swift */; };
		C3E375042A08DDB900D5B3BA /* HomePageViewController.swift in Sources */ = {isa = PBXBuildFile; fileRef = C3E375032A08DDB900D5B3BA /* HomePageViewController.swift */; };
		C3E375072A08DDB900D5B3BA /* Main.storyboard in Resources */ = {isa = PBXBuildFile; fileRef = C3E375052A08DDB900D5B3BA /* Main.storyboard */; };
		C3E375092A08DDBA00D5B3BA /* Assets.xcassets in Resources */ = {isa = PBXBuildFile; fileRef = C3E375082A08DDBA00D5B3BA /* Assets.xcassets */; };
		C3E3750C2A08DDBA00D5B3BA /* LaunchScreen.storyboard in Resources */ = {isa = PBXBuildFile; fileRef = C3E3750A2A08DDBA00D5B3BA /* LaunchScreen.storyboard */; };
		C3E3751D2A090F1300D5B3BA /* CustomCell.xib in Resources */ = {isa = PBXBuildFile; fileRef = C3E3751C2A090F1300D5B3BA /* CustomCell.xib */; };
		C3E3751F2A09103E00D5B3BA /* CustomCell.swift in Sources */ = {isa = PBXBuildFile; fileRef = C3E3751E2A09103E00D5B3BA /* CustomCell.swift */; };
		C3E53A2F2A1CE4E400874D8F /* WallboxConfigurationViewController.swift in Sources */ = {isa = PBXBuildFile; fileRef = C3E53A2D2A1CE4E400874D8F /* WallboxConfigurationViewController.swift */; };
		C3E53A302A1CE4E400874D8F /* WallboxConfigurationViewController.xib in Resources */ = {isa = PBXBuildFile; fileRef = C3E53A2E2A1CE4E400874D8F /* WallboxConfigurationViewController.xib */; };
/* End PBXBuildFile section */

/* Begin PBXFileReference section */
		3708299FAEAF9B99AA11153B /* Pods-Urmet-Creact.release.xcconfig */ = {isa = PBXFileReference; includeInIndex = 1; lastKnownFileType = text.xcconfig; name = "Pods-Urmet-Creact.release.xcconfig"; path = "Target Support Files/Pods-Urmet-Creact/Pods-Urmet-Creact.release.xcconfig"; sourceTree = "<group>"; };
		427B8621996967EA02F85906 /* Pods_Urmet_Creact.framework */ = {isa = PBXFileReference; explicitFileType = wrapper.framework; includeInIndex = 0; path = Pods_Urmet_Creact.framework; sourceTree = BUILT_PRODUCTS_DIR; };
		80EB3BFACA3BD117F91454B6 /* Pods-Urmet-Creact.debug.xcconfig */ = {isa = PBXFileReference; includeInIndex = 1; lastKnownFileType = text.xcconfig; name = "Pods-Urmet-Creact.debug.xcconfig"; path = "Target Support Files/Pods-Urmet-Creact/Pods-Urmet-Creact.debug.xcconfig"; sourceTree = "<group>"; };
		C30A1E0E2A13B9C4008F9A38 /* TableViewDelegate.swift */ = {isa = PBXFileReference; lastKnownFileType = sourcecode.swift; path = TableViewDelegate.swift; sourceTree = "<group>"; };
		C31AB6992A0B90DD00407B70 /* ButtonData.swift */ = {isa = PBXFileReference; lastKnownFileType = sourcecode.swift; path = ButtonData.swift; sourceTree = "<group>"; };
		C332D2542A0A9B1F005D4FD9 /* CustomButtonHomePage.xib */ = {isa = PBXFileReference; lastKnownFileType = file.xib; path = CustomButtonHomePage.xib; sourceTree = "<group>"; };
		C332D2562A0A9D7B005D4FD9 /* CustomButtonHomePage.swift */ = {isa = PBXFileReference; lastKnownFileType = sourcecode.swift; path = CustomButtonHomePage.swift; sourceTree = "<group>"; };
		C33583F12A1504700002517B /* AssociateWallBoxViewController.swift */ = {isa = PBXFileReference; lastKnownFileType = sourcecode.swift; path = AssociateWallBoxViewController.swift; sourceTree = "<group>"; };
		C33583F22A1504700002517B /* AssociateWallBoxViewController.xib */ = {isa = PBXFileReference; lastKnownFileType = file.xib; path = AssociateWallBoxViewController.xib; sourceTree = "<group>"; };
		C37C990A2A0D41BE004B21EF /* ButtonDelegate.swift */ = {isa = PBXFileReference; lastKnownFileType = sourcecode.swift; path = ButtonDelegate.swift; sourceTree = "<group>"; };
		C3AA69432A123CCA00648BAF /* CollectionViewDataSource.swift */ = {isa = PBXFileReference; lastKnownFileType = sourcecode.swift; path = CollectionViewDataSource.swift; sourceTree = "<group>"; };
		C3AA69452A123E2A00648BAF /* TableViewDataSource.swift */ = {isa = PBXFileReference; lastKnownFileType = sourcecode.swift; path = TableViewDataSource.swift; sourceTree = "<group>"; };
		C3AA69472A12679B00648BAF /* Constants.swift */ = {isa = PBXFileReference; lastKnownFileType = sourcecode.swift; path = Constants.swift; sourceTree = "<group>"; };
		C3AA694A2A127EE200648BAF /* Array+Extensions.swift */ = {isa = PBXFileReference; lastKnownFileType = sourcecode.swift; path = "Array+Extensions.swift"; sourceTree = "<group>"; };
		C3B2902A2A14BEC400D06037 /* TransferDataViewController.swift */ = {isa = PBXFileReference; lastKnownFileType = sourcecode.swift; path = TransferDataViewController.swift; sourceTree = "<group>"; };
		C3B2902B2A14BEC400D06037 /* TransferDataViewController.xib */ = {isa = PBXFileReference; lastKnownFileType = file.xib; path = TransferDataViewController.xib; sourceTree = "<group>"; };
		C3B354092A1BA3D600C0F114 /* NetworkAdvancedSettingsViewController.swift */ = {isa = PBXFileReference; lastKnownFileType = sourcecode.swift; path = NetworkAdvancedSettingsViewController.swift; sourceTree = "<group>"; };
		C3B3540A2A1BA3D600C0F114 /* NetworkAdvancedSettingsViewController.xib */ = {isa = PBXFileReference; lastKnownFileType = file.xib; path = NetworkAdvancedSettingsViewController.xib; sourceTree = "<group>"; };
		C3BF73552A16829900AC8F2E /* CustomWifiCell.xib */ = {isa = PBXFileReference; lastKnownFileType = file.xib; path = CustomWifiCell.xib; sourceTree = "<group>"; };
		C3D95CFC2A0D1A7A0058DA32 /* PopupDisplayer.swift */ = {isa = PBXFileReference; lastKnownFileType = sourcecode.swift; path = PopupDisplayer.swift; sourceTree = "<group>"; };
		C3D95D022A0D1EB50058DA32 /* UIViewController.swift */ = {isa = PBXFileReference; lastKnownFileType = sourcecode.swift; path = UIViewController.swift; sourceTree = "<group>"; };
		C3D95D0A2A0D22300058DA32 /* Present.swift */ = {isa = PBXFileReference; lastKnownFileType = sourcecode.swift; path = Present.swift; sourceTree = "<group>"; };
		C3D95D0C2A0D22D90058DA32 /* UIController.swift */ = {isa = PBXFileReference; lastKnownFileType = sourcecode.swift; path = UIController.swift; sourceTree = "<group>"; };
		C3D95D142A0D34080058DA32 /* PopUpViewController.swift */ = {isa = PBXFileReference; lastKnownFileType = sourcecode.swift; path = PopUpViewController.swift; sourceTree = "<group>"; };
		C3D95D152A0D34080058DA32 /* PopUpViewController.xib */ = {isa = PBXFileReference; lastKnownFileType = file.xib; path = PopUpViewController.xib; sourceTree = "<group>"; };
		C3DEEC892A162DF10068FDCA /* ConnectionViewController.swift */ = {isa = PBXFileReference; lastKnownFileType = sourcecode.swift; path = ConnectionViewController.swift; sourceTree = "<group>"; };
		C3DEEC8A2A162DF10068FDCA /* ConnectionViewController.xib */ = {isa = PBXFileReference; lastKnownFileType = file.xib; path = ConnectionViewController.xib; sourceTree = "<group>"; };
		C3DEEC8D2A164DFE0068FDCA /* WiFiConnectionSelectorViewController.swift */ = {isa = PBXFileReference; lastKnownFileType = sourcecode.swift; path = WiFiConnectionSelectorViewController.swift; sourceTree = "<group>"; };
		C3DEEC8E2A164DFE0068FDCA /* WiFiConnectionSelectorViewController.xib */ = {isa = PBXFileReference; lastKnownFileType = file.xib; path = WiFiConnectionSelectorViewController.xib; sourceTree = "<group>"; };
		C3DEEC932A166A0E0068FDCA /* CustomWifiCell.swift */ = {isa = PBXFileReference; lastKnownFileType = sourcecode.swift; path = CustomWifiCell.swift; sourceTree = "<group>"; };
		C3E374FC2A08DDB900D5B3BA /* Urmet-Creact.app */ = {isa = PBXFileReference; explicitFileType = wrapper.application; includeInIndex = 0; path = "Urmet-Creact.app"; sourceTree = BUILT_PRODUCTS_DIR; };
		C3E374FF2A08DDB900D5B3BA /* AppDelegate.swift */ = {isa = PBXFileReference; lastKnownFileType = sourcecode.swift; path = AppDelegate.swift; sourceTree = "<group>"; };
		C3E375012A08DDB900D5B3BA /* SceneDelegate.swift */ = {isa = PBXFileReference; lastKnownFileType = sourcecode.swift; path = SceneDelegate.swift; sourceTree = "<group>"; };
		C3E375032A08DDB900D5B3BA /* HomePageViewController.swift */ = {isa = PBXFileReference; lastKnownFileType = sourcecode.swift; path = HomePageViewController.swift; sourceTree = "<group>"; };
		C3E375062A08DDB900D5B3BA /* Base */ = {isa = PBXFileReference; lastKnownFileType = file.storyboard; name = Base; path = Base.lproj/Main.storyboard; sourceTree = "<group>"; };
		C3E375082A08DDBA00D5B3BA /* Assets.xcassets */ = {isa = PBXFileReference; lastKnownFileType = folder.assetcatalog; path = Assets.xcassets; sourceTree = "<group>"; };
		C3E3750B2A08DDBA00D5B3BA /* Base */ = {isa = PBXFileReference; lastKnownFileType = file.storyboard; name = Base; path = Base.lproj/LaunchScreen.storyboard; sourceTree = "<group>"; };
		C3E3750D2A08DDBA00D5B3BA /* Info.plist */ = {isa = PBXFileReference; lastKnownFileType = text.plist.xml; path = Info.plist; sourceTree = "<group>"; };
		C3E3751C2A090F1300D5B3BA /* CustomCell.xib */ = {isa = PBXFileReference; lastKnownFileType = file.xib; path = CustomCell.xib; sourceTree = "<group>"; };
		C3E3751E2A09103E00D5B3BA /* CustomCell.swift */ = {isa = PBXFileReference; lastKnownFileType = sourcecode.swift; path = CustomCell.swift; sourceTree = "<group>"; };
		C3E53A2D2A1CE4E400874D8F /* WallboxConfigurationViewController.swift */ = {isa = PBXFileReference; lastKnownFileType = sourcecode.swift; path = WallboxConfigurationViewController.swift; sourceTree = "<group>"; };
		C3E53A2E2A1CE4E400874D8F /* WallboxConfigurationViewController.xib */ = {isa = PBXFileReference; lastKnownFileType = file.xib; path = WallboxConfigurationViewController.xib; sourceTree = "<group>"; };
/* End PBXFileReference section */

/* Begin PBXFrameworksBuildPhase section */
		C3E374F92A08DDB900D5B3BA /* Frameworks */ = {
			isa = PBXFrameworksBuildPhase;
			buildActionMask = 2147483647;
			files = (
				A36632FDC9DF69DB72EC6699 /* Pods_Urmet_Creact.framework in Frameworks */,
			);
			runOnlyForDeploymentPostprocessing = 0;
		};
/* End PBXFrameworksBuildPhase section */

/* Begin PBXGroup section */
		754FC51B42EEB6DE7D443150 /* Pods */ = {
			isa = PBXGroup;
			children = (
				80EB3BFACA3BD117F91454B6 /* Pods-Urmet-Creact.debug.xcconfig */,
				3708299FAEAF9B99AA11153B /* Pods-Urmet-Creact.release.xcconfig */,
			);
			path = Pods;
			sourceTree = "<group>";
		};
		83E242C3AF33E048421AF544 /* Frameworks */ = {
			isa = PBXGroup;
			children = (
				427B8621996967EA02F85906 /* Pods_Urmet_Creact.framework */,
			);
			name = Frameworks;
			sourceTree = "<group>";
		};
		C3AA693F2A12368700648BAF /* Delegates */ = {
			isa = PBXGroup;
			children = (
				C37C990A2A0D41BE004B21EF /* ButtonDelegate.swift */,
				C30A1E0E2A13B9C4008F9A38 /* TableViewDelegate.swift */,
			);
			path = Delegates;
			sourceTree = "<group>";
		};
		C3AA69422A123C9900648BAF /* Data Source */ = {
			isa = PBXGroup;
			children = (
				C3AA69432A123CCA00648BAF /* CollectionViewDataSource.swift */,
				C3AA69452A123E2A00648BAF /* TableViewDataSource.swift */,
			);
			path = "Data Source";
			sourceTree = "<group>";
		};
		C3D95D122A0D30D00058DA32 /* Extensions */ = {
			isa = PBXGroup;
			children = (
				C3D95D0C2A0D22D90058DA32 /* UIController.swift */,
				C3AA694A2A127EE200648BAF /* Array+Extensions.swift */,
			);
			path = Extensions;
			sourceTree = "<group>";
		};
		C3D95D132A0D31290058DA32 /* Protocol */ = {
			isa = PBXGroup;
			children = (
				C3D95CFC2A0D1A7A0058DA32 /* PopupDisplayer.swift */,
			);
			path = Protocol;
			sourceTree = "<group>";
		};
		C3E374F32A08DDB900D5B3BA = {
			isa = PBXGroup;
			children = (
				C3E374FE2A08DDB900D5B3BA /* Urmet-Creact */,
				C3E374FD2A08DDB900D5B3BA /* Products */,
				754FC51B42EEB6DE7D443150 /* Pods */,
				83E242C3AF33E048421AF544 /* Frameworks */,
			);
			sourceTree = "<group>";
		};
		C3E374FD2A08DDB900D5B3BA /* Products */ = {
			isa = PBXGroup;
			children = (
				C3E374FC2A08DDB900D5B3BA /* Urmet-Creact.app */,
			);
			name = Products;
			sourceTree = "<group>";
		};
		C3E374FE2A08DDB900D5B3BA /* Urmet-Creact */ = {
			isa = PBXGroup;
			children = (
				C3E374FF2A08DDB900D5B3BA /* AppDelegate.swift */,
				C3E375012A08DDB900D5B3BA /* SceneDelegate.swift */,
				C3E375172A08DE8400D5B3BA /* Controllers */,
				C3E375162A08DE7F00D5B3BA /* Views */,
				C3E375152A08DE7A00D5B3BA /* Models */,
				C3D95D122A0D30D00058DA32 /* Extensions */,
				C3D95D132A0D31290058DA32 /* Protocol */,
				C3AA693F2A12368700648BAF /* Delegates */,
				C3AA69422A123C9900648BAF /* Data Source */,
				C3E375082A08DDBA00D5B3BA /* Assets.xcassets */,
				C3E3750D2A08DDBA00D5B3BA /* Info.plist */,
				C3D95D0A2A0D22300058DA32 /* Present.swift */,
				C3AA69472A12679B00648BAF /* Constants.swift */,
			);
			path = "Urmet-Creact";
			sourceTree = "<group>";
		};
		C3E375152A08DE7A00D5B3BA /* Models */ = {
			isa = PBXGroup;
			children = (
				C31AB6992A0B90DD00407B70 /* ButtonData.swift */,
			);
			path = Models;
			sourceTree = "<group>";
		};
		C3E375162A08DE7F00D5B3BA /* Views */ = {
			isa = PBXGroup;
			children = (
				C3E3750A2A08DDBA00D5B3BA /* LaunchScreen.storyboard */,
				C3E375052A08DDB900D5B3BA /* Main.storyboard */,
				C3D95D152A0D34080058DA32 /* PopUpViewController.xib */,
				C332D2542A0A9B1F005D4FD9 /* CustomButtonHomePage.xib */,
				C3B2902B2A14BEC400D06037 /* TransferDataViewController.xib */,
				C3E3751C2A090F1300D5B3BA /* CustomCell.xib */,
				C33583F22A1504700002517B /* AssociateWallBoxViewController.xib */,
				C3DEEC8A2A162DF10068FDCA /* ConnectionViewController.xib */,
				C3DEEC8E2A164DFE0068FDCA /* WiFiConnectionSelectorViewController.xib */,
				C3BF73552A16829900AC8F2E /* CustomWifiCell.xib */,
				C3B3540A2A1BA3D600C0F114 /* NetworkAdvancedSettingsViewController.xib */,
				C3E53A2E2A1CE4E400874D8F /* WallboxConfigurationViewController.xib */,
				C3E3751E2A09103E00D5B3BA /* CustomCell.swift */,
				C332D2562A0A9D7B005D4FD9 /* CustomButtonHomePage.swift */,
				C3DEEC932A166A0E0068FDCA /* CustomWifiCell.swift */,
			);
			path = Views;
			sourceTree = "<group>";
		};
		C3E375172A08DE8400D5B3BA /* Controllers */ = {
			isa = PBXGroup;
			children = (
				C3E375032A08DDB900D5B3BA /* HomePageViewController.swift */,
				C3D95D022A0D1EB50058DA32 /* UIViewController.swift */,
				C3D95D142A0D34080058DA32 /* PopUpViewController.swift */,
				C3B2902A2A14BEC400D06037 /* TransferDataViewController.swift */,
				C33583F12A1504700002517B /* AssociateWallBoxViewController.swift */,
				C3DEEC892A162DF10068FDCA /* ConnectionViewController.swift */,
				C3DEEC8D2A164DFE0068FDCA /* WiFiConnectionSelectorViewController.swift */,
				C3B354092A1BA3D600C0F114 /* NetworkAdvancedSettingsViewController.swift */,
				C3E53A2D2A1CE4E400874D8F /* WallboxConfigurationViewController.swift */,
			);
			path = Controllers;
			sourceTree = "<group>";
		};
/* End PBXGroup section */

/* Begin PBXNativeTarget section */
		C3E374FB2A08DDB900D5B3BA /* Urmet-Creact */ = {
			isa = PBXNativeTarget;
			buildConfigurationList = C3E375102A08DDBA00D5B3BA /* Build configuration list for PBXNativeTarget "Urmet-Creact" */;
			buildPhases = (
				2EC313EA68753BC5D9B3DD68 /* [CP] Check Pods Manifest.lock */,
				C3E374F82A08DDB900D5B3BA /* Sources */,
				C3E374F92A08DDB900D5B3BA /* Frameworks */,
				C3E374FA2A08DDB900D5B3BA /* Resources */,
				F4383384FE13310107352C26 /* [CP] Embed Pods Frameworks */,
			);
			buildRules = (
			);
			dependencies = (
			);
			name = "Urmet-Creact";
			productName = "Urmet-Creact";
			productReference = C3E374FC2A08DDB900D5B3BA /* Urmet-Creact.app */;
			productType = "com.apple.product-type.application";
		};
/* End PBXNativeTarget section */

/* Begin PBXProject section */
		C3E374F42A08DDB900D5B3BA /* Project object */ = {
			isa = PBXProject;
			attributes = {
				BuildIndependentTargetsInParallel = 1;
				LastSwiftUpdateCheck = 1430;
				LastUpgradeCheck = 1430;
				TargetAttributes = {
					C3E374FB2A08DDB900D5B3BA = {
						CreatedOnToolsVersion = 14.3;
					};
				};
			};
			buildConfigurationList = C3E374F72A08DDB900D5B3BA /* Build configuration list for PBXProject "Urmet-Creact" */;
			compatibilityVersion = "Xcode 14.0";
			developmentRegion = en;
			hasScannedForEncodings = 0;
			knownRegions = (
				en,
				Base,
			);
			mainGroup = C3E374F32A08DDB900D5B3BA;
			productRefGroup = C3E374FD2A08DDB900D5B3BA /* Products */;
			projectDirPath = "";
			projectRoot = "";
			targets = (
				C3E374FB2A08DDB900D5B3BA /* Urmet-Creact */,
			);
		};
/* End PBXProject section */

/* Begin PBXResourcesBuildPhase section */
		C3E374FA2A08DDB900D5B3BA /* Resources */ = {
			isa = PBXResourcesBuildPhase;
			buildActionMask = 2147483647;
			files = (
				C3B2902D2A14BEC400D06037 /* TransferDataViewController.xib in Resources */,
				C3BF73562A16829900AC8F2E /* CustomWifiCell.xib in Resources */,
				C332D2552A0A9B1F005D4FD9 /* CustomButtonHomePage.xib in Resources */,
				C3DEEC902A164DFE0068FDCA /* WiFiConnectionSelectorViewController.xib in Resources */,
				C3E53A302A1CE4E400874D8F /* WallboxConfigurationViewController.xib in Resources */,
				C3E3751D2A090F1300D5B3BA /* CustomCell.xib in Resources */,
				C33583F42A1504700002517B /* AssociateWallBoxViewController.xib in Resources */,
				C3B3540C2A1BA3D600C0F114 /* NetworkAdvancedSettingsViewController.xib in Resources */,
				C3DEEC8C2A162DF10068FDCA /* ConnectionViewController.xib in Resources */,
				C3E3750C2A08DDBA00D5B3BA /* LaunchScreen.storyboard in Resources */,
				C3D95D172A0D34080058DA32 /* PopUpViewController.xib in Resources */,
				C3E375092A08DDBA00D5B3BA /* Assets.xcassets in Resources */,
				C3E375072A08DDB900D5B3BA /* Main.storyboard in Resources */,
			);
			runOnlyForDeploymentPostprocessing = 0;
		};
/* End PBXResourcesBuildPhase section */

/* Begin PBXShellScriptBuildPhase section */
		2EC313EA68753BC5D9B3DD68 /* [CP] Check Pods Manifest.lock */ = {
			isa = PBXShellScriptBuildPhase;
			buildActionMask = 2147483647;
			files = (
			);
			inputFileListPaths = (
			);
			inputPaths = (
				"${PODS_PODFILE_DIR_PATH}/Podfile.lock",
				"${PODS_ROOT}/Manifest.lock",
			);
			name = "[CP] Check Pods Manifest.lock";
			outputFileListPaths = (
			);
			outputPaths = (
				"$(DERIVED_FILE_DIR)/Pods-Urmet-Creact-checkManifestLockResult.txt",
			);
			runOnlyForDeploymentPostprocessing = 0;
			shellPath = /bin/sh;
			shellScript = "diff \"${PODS_PODFILE_DIR_PATH}/Podfile.lock\" \"${PODS_ROOT}/Manifest.lock\" > /dev/null\nif [ $? != 0 ] ; then\n    # print error to STDERR\n    echo \"error: The sandbox is not in sync with the Podfile.lock. Run 'pod install' or update your CocoaPods installation.\" >&2\n    exit 1\nfi\n# This output is used by Xcode 'outputs' to avoid re-running this script phase.\necho \"SUCCESS\" > \"${SCRIPT_OUTPUT_FILE_0}\"\n";
			showEnvVarsInLog = 0;
		};
		F4383384FE13310107352C26 /* [CP] Embed Pods Frameworks */ = {
			isa = PBXShellScriptBuildPhase;
			buildActionMask = 2147483647;
			files = (
			);
			inputFileListPaths = (
				"${PODS_ROOT}/Target Support Files/Pods-Urmet-Creact/Pods-Urmet-Creact-frameworks-${CONFIGURATION}-input-files.xcfilelist",
			);
			name = "[CP] Embed Pods Frameworks";
			outputFileListPaths = (
				"${PODS_ROOT}/Target Support Files/Pods-Urmet-Creact/Pods-Urmet-Creact-frameworks-${CONFIGURATION}-output-files.xcfilelist",
			);
			runOnlyForDeploymentPostprocessing = 0;
			shellPath = /bin/sh;
			shellScript = "\"${PODS_ROOT}/Target Support Files/Pods-Urmet-Creact/Pods-Urmet-Creact-frameworks.sh\"\n";
			showEnvVarsInLog = 0;
		};
/* End PBXShellScriptBuildPhase section */

/* Begin PBXSourcesBuildPhase section */
		C3E374F82A08DDB900D5B3BA /* Sources */ = {
			isa = PBXSourcesBuildPhase;
			buildActionMask = 2147483647;
			files = (
				C3D95CFD2A0D1A7A0058DA32 /* PopupDisplayer.swift in Sources */,
				C3D95D0B2A0D22300058DA32 /* Present.swift in Sources */,
				C3E375042A08DDB900D5B3BA /* HomePageViewController.swift in Sources */,
				C3D95D162A0D34080058DA32 /* PopUpViewController.swift in Sources */,
				C3DEEC8F2A164DFE0068FDCA /* WiFiConnectionSelectorViewController.swift in Sources */,
				C3B2902C2A14BEC400D06037 /* TransferDataViewController.swift in Sources */,
				C3E375002A08DDB900D5B3BA /* AppDelegate.swift in Sources */,
				C3AA69482A12679B00648BAF /* Constants.swift in Sources */,
				C37C990B2A0D41BE004B21EF /* ButtonDelegate.swift in Sources */,
				C3AA69462A123E2A00648BAF /* TableViewDataSource.swift in Sources */,
				C3E375022A08DDB900D5B3BA /* SceneDelegate.swift in Sources */,
				C3E53A2F2A1CE4E400874D8F /* WallboxConfigurationViewController.swift in Sources */,
				C3D95D0D2A0D22D90058DA32 /* UIController.swift in Sources */,
				C332D2572A0A9D7B005D4FD9 /* CustomButtonHomePage.swift in Sources */,
				C3DEEC8B2A162DF10068FDCA /* ConnectionViewController.swift in Sources */,
				C3DEEC942A166A0E0068FDCA /* CustomWifiCell.swift in Sources */,
				C3B3540B2A1BA3D600C0F114 /* NetworkAdvancedSettingsViewController.swift in Sources */,
				C33583F32A1504700002517B /* AssociateWallBoxViewController.swift in Sources */,
				C3AA694B2A127EE200648BAF /* Array+Extensions.swift in Sources */,
				C3AA69442A123CCA00648BAF /* CollectionViewDataSource.swift in Sources */,
				C3E3751F2A09103E00D5B3BA /* CustomCell.swift in Sources */,
				C3D95D032A0D1EB50058DA32 /* UIViewController.swift in Sources */,
				C30A1E0F2A13B9C4008F9A38 /* TableViewDelegate.swift in Sources */,
				C31AB69A2A0B90DD00407B70 /* ButtonData.swift in Sources */,
			);
			runOnlyForDeploymentPostprocessing = 0;
		};
/* End PBXSourcesBuildPhase section */

/* Begin PBXVariantGroup section */
		C3E375052A08DDB900D5B3BA /* Main.storyboard */ = {
			isa = PBXVariantGroup;
			children = (
				C3E375062A08DDB900D5B3BA /* Base */,
			);
			name = Main.storyboard;
			sourceTree = "<group>";
		};
		C3E3750A2A08DDBA00D5B3BA /* LaunchScreen.storyboard */ = {
			isa = PBXVariantGroup;
			children = (
				C3E3750B2A08DDBA00D5B3BA /* Base */,
			);
			name = LaunchScreen.storyboard;
			sourceTree = "<group>";
		};
/* End PBXVariantGroup section */

/* Begin XCBuildConfiguration section */
		C3E3750E2A08DDBA00D5B3BA /* Debug */ = {
			isa = XCBuildConfiguration;
			buildSettings = {
				ALWAYS_SEARCH_USER_PATHS = NO;
				CLANG_ANALYZER_NONNULL = YES;
				CLANG_ANALYZER_NUMBER_OBJECT_CONVERSION = YES_AGGRESSIVE;
				CLANG_CXX_LANGUAGE_STANDARD = "gnu++20";
				CLANG_ENABLE_MODULES = YES;
				CLANG_ENABLE_OBJC_ARC = YES;
				CLANG_ENABLE_OBJC_WEAK = YES;
				CLANG_WARN_BLOCK_CAPTURE_AUTORELEASING = YES;
				CLANG_WARN_BOOL_CONVERSION = YES;
				CLANG_WARN_COMMA = YES;
				CLANG_WARN_CONSTANT_CONVERSION = YES;
				CLANG_WARN_DEPRECATED_OBJC_IMPLEMENTATIONS = YES;
				CLANG_WARN_DIRECT_OBJC_ISA_USAGE = YES_ERROR;
				CLANG_WARN_DOCUMENTATION_COMMENTS = YES;
				CLANG_WARN_EMPTY_BODY = YES;
				CLANG_WARN_ENUM_CONVERSION = YES;
				CLANG_WARN_INFINITE_RECURSION = YES;
				CLANG_WARN_INT_CONVERSION = YES;
				CLANG_WARN_NON_LITERAL_NULL_CONVERSION = YES;
				CLANG_WARN_OBJC_IMPLICIT_RETAIN_SELF = YES;
				CLANG_WARN_OBJC_LITERAL_CONVERSION = YES;
				CLANG_WARN_OBJC_ROOT_CLASS = YES_ERROR;
				CLANG_WARN_QUOTED_INCLUDE_IN_FRAMEWORK_HEADER = YES;
				CLANG_WARN_RANGE_LOOP_ANALYSIS = YES;
				CLANG_WARN_STRICT_PROTOTYPES = YES;
				CLANG_WARN_SUSPICIOUS_MOVE = YES;
				CLANG_WARN_UNGUARDED_AVAILABILITY = YES_AGGRESSIVE;
				CLANG_WARN_UNREACHABLE_CODE = YES;
				CLANG_WARN__DUPLICATE_METHOD_MATCH = YES;
				COPY_PHASE_STRIP = NO;
				DEBUG_INFORMATION_FORMAT = dwarf;
				ENABLE_STRICT_OBJC_MSGSEND = YES;
				ENABLE_TESTABILITY = YES;
				GCC_C_LANGUAGE_STANDARD = gnu11;
				GCC_DYNAMIC_NO_PIC = NO;
				GCC_NO_COMMON_BLOCKS = YES;
				GCC_OPTIMIZATION_LEVEL = 0;
				GCC_PREPROCESSOR_DEFINITIONS = (
					"DEBUG=1",
					"$(inherited)",
				);
				GCC_WARN_64_TO_32_BIT_CONVERSION = YES;
				GCC_WARN_ABOUT_RETURN_TYPE = YES_ERROR;
				GCC_WARN_UNDECLARED_SELECTOR = YES;
				GCC_WARN_UNINITIALIZED_AUTOS = YES_AGGRESSIVE;
				GCC_WARN_UNUSED_FUNCTION = YES;
				GCC_WARN_UNUSED_VARIABLE = YES;
				IPHONEOS_DEPLOYMENT_TARGET = 16.4;
				MTL_ENABLE_DEBUG_INFO = INCLUDE_SOURCE;
				MTL_FAST_MATH = YES;
				ONLY_ACTIVE_ARCH = YES;
				SDKROOT = iphoneos;
				SWIFT_ACTIVE_COMPILATION_CONDITIONS = DEBUG;
				SWIFT_OPTIMIZATION_LEVEL = "-Onone";
			};
			name = Debug;
		};
		C3E3750F2A08DDBA00D5B3BA /* Release */ = {
			isa = XCBuildConfiguration;
			buildSettings = {
				ALWAYS_SEARCH_USER_PATHS = NO;
				CLANG_ANALYZER_NONNULL = YES;
				CLANG_ANALYZER_NUMBER_OBJECT_CONVERSION = YES_AGGRESSIVE;
				CLANG_CXX_LANGUAGE_STANDARD = "gnu++20";
				CLANG_ENABLE_MODULES = YES;
				CLANG_ENABLE_OBJC_ARC = YES;
				CLANG_ENABLE_OBJC_WEAK = YES;
				CLANG_WARN_BLOCK_CAPTURE_AUTORELEASING = YES;
				CLANG_WARN_BOOL_CONVERSION = YES;
				CLANG_WARN_COMMA = YES;
				CLANG_WARN_CONSTANT_CONVERSION = YES;
				CLANG_WARN_DEPRECATED_OBJC_IMPLEMENTATIONS = YES;
				CLANG_WARN_DIRECT_OBJC_ISA_USAGE = YES_ERROR;
				CLANG_WARN_DOCUMENTATION_COMMENTS = YES;
				CLANG_WARN_EMPTY_BODY = YES;
				CLANG_WARN_ENUM_CONVERSION = YES;
				CLANG_WARN_INFINITE_RECURSION = YES;
				CLANG_WARN_INT_CONVERSION = YES;
				CLANG_WARN_NON_LITERAL_NULL_CONVERSION = YES;
				CLANG_WARN_OBJC_IMPLICIT_RETAIN_SELF = YES;
				CLANG_WARN_OBJC_LITERAL_CONVERSION = YES;
				CLANG_WARN_OBJC_ROOT_CLASS = YES_ERROR;
				CLANG_WARN_QUOTED_INCLUDE_IN_FRAMEWORK_HEADER = YES;
				CLANG_WARN_RANGE_LOOP_ANALYSIS = YES;
				CLANG_WARN_STRICT_PROTOTYPES = YES;
				CLANG_WARN_SUSPICIOUS_MOVE = YES;
				CLANG_WARN_UNGUARDED_AVAILABILITY = YES_AGGRESSIVE;
				CLANG_WARN_UNREACHABLE_CODE = YES;
				CLANG_WARN__DUPLICATE_METHOD_MATCH = YES;
				COPY_PHASE_STRIP = NO;
				DEBUG_INFORMATION_FORMAT = "dwarf-with-dsym";
				ENABLE_NS_ASSERTIONS = NO;
				ENABLE_STRICT_OBJC_MSGSEND = YES;
				GCC_C_LANGUAGE_STANDARD = gnu11;
				GCC_NO_COMMON_BLOCKS = YES;
				GCC_WARN_64_TO_32_BIT_CONVERSION = YES;
				GCC_WARN_ABOUT_RETURN_TYPE = YES_ERROR;
				GCC_WARN_UNDECLARED_SELECTOR = YES;
				GCC_WARN_UNINITIALIZED_AUTOS = YES_AGGRESSIVE;
				GCC_WARN_UNUSED_FUNCTION = YES;
				GCC_WARN_UNUSED_VARIABLE = YES;
				IPHONEOS_DEPLOYMENT_TARGET = 16.4;
				MTL_ENABLE_DEBUG_INFO = NO;
				MTL_FAST_MATH = YES;
				SDKROOT = iphoneos;
				SWIFT_COMPILATION_MODE = wholemodule;
				SWIFT_OPTIMIZATION_LEVEL = "-O";
				VALIDATE_PRODUCT = YES;
			};
			name = Release;
		};
		C3E375112A08DDBA00D5B3BA /* Debug */ = {
			isa = XCBuildConfiguration;
			baseConfigurationReference = 80EB3BFACA3BD117F91454B6 /* Pods-Urmet-Creact.debug.xcconfig */;
			buildSettings = {
				ASSETCATALOG_COMPILER_APPICON_NAME = AppIcon;
				ASSETCATALOG_COMPILER_GLOBAL_ACCENT_COLOR_NAME = AccentColor;
				CODE_SIGN_STYLE = Automatic;
				CURRENT_PROJECT_VERSION = 1;
				DEVELOPMENT_TEAM = Q7W3VFRJN2;
				GENERATE_INFOPLIST_FILE = YES;
				INFOPLIST_FILE = "Urmet-Creact/Info.plist";
				INFOPLIST_KEY_UIApplicationSupportsIndirectInputEvents = YES;
				INFOPLIST_KEY_UILaunchStoryboardName = LaunchScreen;
				INFOPLIST_KEY_UIMainStoryboardFile = Main;
				INFOPLIST_KEY_UISupportedInterfaceOrientations_iPad = "UIInterfaceOrientationPortrait UIInterfaceOrientationPortraitUpsideDown UIInterfaceOrientationLandscapeLeft UIInterfaceOrientationLandscapeRight";
				INFOPLIST_KEY_UISupportedInterfaceOrientations_iPhone = "UIInterfaceOrientationPortrait UIInterfaceOrientationLandscapeLeft UIInterfaceOrientationLandscapeRight";
				LD_RUNPATH_SEARCH_PATHS = (
					"$(inherited)",
					"@executable_path/Frameworks",
				);
				MARKETING_VERSION = 1.0;
				PRODUCT_BUNDLE_IDENTIFIER = "io.giulioaterno.Urmet-Creact";
				PRODUCT_NAME = "$(TARGET_NAME)";
				SWIFT_EMIT_LOC_STRINGS = YES;
				SWIFT_VERSION = 5.0;
				TARGETED_DEVICE_FAMILY = "1,2";
			};
			name = Debug;
		};
		C3E375122A08DDBA00D5B3BA /* Release */ = {
			isa = XCBuildConfiguration;
			baseConfigurationReference = 3708299FAEAF9B99AA11153B /* Pods-Urmet-Creact.release.xcconfig */;
			buildSettings = {
				ASSETCATALOG_COMPILER_APPICON_NAME = AppIcon;
				ASSETCATALOG_COMPILER_GLOBAL_ACCENT_COLOR_NAME = AccentColor;
				CODE_SIGN_STYLE = Automatic;
				CURRENT_PROJECT_VERSION = 1;
				DEVELOPMENT_TEAM = Q7W3VFRJN2;
				GENERATE_INFOPLIST_FILE = YES;
				INFOPLIST_FILE = "Urmet-Creact/Info.plist";
				INFOPLIST_KEY_UIApplicationSupportsIndirectInputEvents = YES;
				INFOPLIST_KEY_UILaunchStoryboardName = LaunchScreen;
				INFOPLIST_KEY_UIMainStoryboardFile = Main;
				INFOPLIST_KEY_UISupportedInterfaceOrientations_iPad = "UIInterfaceOrientationPortrait UIInterfaceOrientationPortraitUpsideDown UIInterfaceOrientationLandscapeLeft UIInterfaceOrientationLandscapeRight";
				INFOPLIST_KEY_UISupportedInterfaceOrientations_iPhone = "UIInterfaceOrientationPortrait UIInterfaceOrientationLandscapeLeft UIInterfaceOrientationLandscapeRight";
				LD_RUNPATH_SEARCH_PATHS = (
					"$(inherited)",
					"@executable_path/Frameworks",
				);
				MARKETING_VERSION = 1.0;
				PRODUCT_BUNDLE_IDENTIFIER = "io.giulioaterno.Urmet-Creact";
				PRODUCT_NAME = "$(TARGET_NAME)";
				SWIFT_EMIT_LOC_STRINGS = YES;
				SWIFT_VERSION = 5.0;
				TARGETED_DEVICE_FAMILY = "1,2";
			};
			name = Release;
		};
/* End XCBuildConfiguration section */

/* Begin XCConfigurationList section */
		C3E374F72A08DDB900D5B3BA /* Build configuration list for PBXProject "Urmet-Creact" */ = {
			isa = XCConfigurationList;
			buildConfigurations = (
				C3E3750E2A08DDBA00D5B3BA /* Debug */,
				C3E3750F2A08DDBA00D5B3BA /* Release */,
			);
			defaultConfigurationIsVisible = 0;
			defaultConfigurationName = Release;
		};
		C3E375102A08DDBA00D5B3BA /* Build configuration list for PBXNativeTarget "Urmet-Creact" */ = {
			isa = XCConfigurationList;
			buildConfigurations = (
				C3E375112A08DDBA00D5B3BA /* Debug */,
				C3E375122A08DDBA00D5B3BA /* Release */,
			);
			defaultConfigurationIsVisible = 0;
			defaultConfigurationName = Release;
		};
/* End XCConfigurationList section */
	};
	rootObject = C3E374F42A08DDB900D5B3BA /* Project object */;
}
